
Microsoft Visual Studio Solution File, Format Version 12.00
# Visual Studio Version 17
VisualStudioVersion = 17.13.35818.85 d17.13
MinimumVisualStudioVersion = 10.0.40219.1
Project("{FAE04EC0-301F-11D3-BF4B-00C04F79EFBC}") = "exemploAula", "exemploAula\exemploAula.csproj", "{14CAF3C6-8BB9-462D-8980-8D8B33E93466}"
EndProject
Global
	GlobalSection(SolutionConfigurationPlatforms) = preSolution
		Debug|Any CPU = Debug|Any CPU
		Release|Any CPU = Release|Any CPU
	EndGlobalSection
	GlobalSection(ProjectConfigurationPlatforms) = postSolution
		{14CAF3C6-8BB9-462D-8980-8D8B33E93466}.Debug|Any CPU.ActiveCfg = Debug|Any CPU
		{14CAF3C6-8BB9-462D-8980-8D8B33E93466}.Debug|Any CPU.Build.0 = Debug|Any CPU
		{14CAF3C6-8BB9-462D-8980-8D8B33E93466}.Release|Any CPU.ActiveCfg = Release|Any CPU
		{14CAF3C6-8BB9-462D-8980-8D8B33E93466}.Release|Any CPU.Build.0 = Release|Any CPU
	EndGlobalSection
	GlobalSection(SolutionProperties) = preSolution
		HideSolutionNode = FALSE
	EndGlobalSection
	GlobalSection(ExtensibilityGlobals) = postSolution
		SolutionGuid = {160DB17E-5AED-458B-8F4A-08DBAADA3E11}
	EndGlobalSection
EndGlobal
